{
  "name": "qut-dmrc.github.io",
  "lockfileVersion": 3,
  "requires": true,
  "packages": {
    "": {
      "dependencies": {
        "github-pages-router": "^1.0.1"
      }
    },
    "node_modules/github-pages-router": {
      "version": "1.0.1",
      "resolved": "https://registry.npmjs.org/github-pages-router/-/github-pages-router-1.0.1.tgz",
      "integrity": "sha512-J02SiWlAUKLYWMU2ywaFuvHYCqNjHb65pZ1Z8yBfFDq3L+ZnIS7V0Xkjk2h6mZl/heQOPSYBtJfE2ZLscC7jvA=="
    }
  }
}
